
Microsoft Visual Studio Solution File, Format Version 12.00
# Visual Studio 14
VisualStudioVersion = 14.0.24720.0
MinimumVisualStudioVersion = 10.0.40219.1
Project("{2150E333-8FDC-42A3-9474-1A3956D46DE8}") = "Engine", "Engine", "{651DAC0B-3BB0-44F1-8534-9EF30E03036F}"
EndProject
Project("{2150E333-8FDC-42A3-9474-1A3956D46DE8}") = "Games", "Games", "{7A407A00-30AF-4A29-9FA5-0B78D37B589D}"
EndProject
Project("{8BC9CEB8-8B4A-11D0-8D11-00A0C91BC942}") = "UE4", "Intermediate\ProjectFiles\UE4.vcxproj", "{03A2D0AA-B823-4FBD-8859-0339FB67B228}"
EndProject
Project("{8BC9CEB8-8B4A-11D0-8D11-00A0C91BC942}") = "BuildingEscape", "Intermediate\ProjectFiles\BuildingEscape.vcxproj", "{40F35322-B53F-4744-A3CD-97F4EC450C9E}"
EndProject
Global
	GlobalSection(SolutionConfigurationPlatforms) = preSolution
		DebugGame Editor|HTML5 = DebugGame Editor|HTML5
		DebugGame Editor|Win32 = DebugGame Editor|Win32
		DebugGame Editor|Win64 = DebugGame Editor|Win64
		DebugGame|HTML5 = DebugGame|HTML5
		DebugGame|Win32 = DebugGame|Win32
		DebugGame|Win64 = DebugGame|Win64
		Development Editor|HTML5 = Development Editor|HTML5
		Development Editor|Win32 = Development Editor|Win32
		Development Editor|Win64 = Development Editor|Win64
		Development|HTML5 = Development|HTML5
		Development|Win32 = Development|Win32
		Development|Win64 = Development|Win64
		Shipping|HTML5 = Shipping|HTML5
		Shipping|Win32 = Shipping|Win32
		Shipping|Win64 = Shipping|Win64
	EndGlobalSection
	GlobalSection(ProjectConfigurationPlatforms) = postSolution
		{03A2D0AA-B823-4FBD-8859-0339FB67B228}.DebugGame Editor|HTML5.ActiveCfg = BuiltWithUnrealBuildTool|Win32
		{03A2D0AA-B823-4FBD-8859-0339FB67B228}.DebugGame Editor|HTML5.Build.0 = BuiltWithUnrealBuildTool|Win32
		{03A2D0AA-B823-4FBD-8859-0339FB67B228}.DebugGame Editor|Win32.ActiveCfg = BuiltWithUnrealBuildTool|Win32
		{03A2D0AA-B823-4FBD-8859-0339FB67B228}.DebugGame Editor|Win32.Build.0 = BuiltWithUnrealBuildTool|Win32
		{03A2D0AA-B823-4FBD-8859-0339FB67B228}.DebugGame Editor|Win64.ActiveCfg = BuiltWithUnrealBuildTool|Win32
		{03A2D0AA-B823-4FBD-8859-0339FB67B228}.DebugGame Editor|Win64.Build.0 = BuiltWithUnrealBuildTool|Win32
		{03A2D0AA-B823-4FBD-8859-0339FB67B228}.DebugGame|HTML5.ActiveCfg = BuiltWithUnrealBuildTool|Win32
		{03A2D0AA-B823-4FBD-8859-0339FB67B228}.DebugGame|HTML5.Build.0 = BuiltWithUnrealBuildTool|Win32
		{03A2D0AA-B823-4FBD-8859-0339FB67B228}.DebugGame|Win32.ActiveCfg = BuiltWithUnrealBuildTool|Win32
		{03A2D0AA-B823-4FBD-8859-0339FB67B228}.DebugGame|Win32.Build.0 = BuiltWithUnrealBuildTool|Win32
		{03A2D0AA-B823-4FBD-8859-0339FB67B228}.DebugGame|Win64.ActiveCfg = BuiltWithUnrealBuildTool|Win32
		{03A2D0AA-B823-4FBD-8859-0339FB67B228}.DebugGame|Win64.Build.0 = BuiltWithUnrealBuildTool|Win32
		{03A2D0AA-B823-4FBD-8859-0339FB67B228}.Development Editor|HTML5.ActiveCfg = BuiltWithUnrealBuildTool|Win32
		{03A2D0AA-B823-4FBD-8859-0339FB67B228}.Development Editor|HTML5.Build.0 = BuiltWithUnrealBuildTool|Win32
		{03A2D0AA-B823-4FBD-8859-0339FB67B228}.Development Editor|Win32.ActiveCfg = BuiltWithUnrealBuildTool|Win32
		{03A2D0AA-B823-4FBD-8859-0339FB67B228}.Development Editor|Win32.Build.0 = BuiltWithUnrealBuildTool|Win32
		{03A2D0AA-B823-4FBD-8859-0339FB67B228}.Development Editor|Win64.ActiveCfg = BuiltWithUnrealBuildTool|Win32
		{03A2D0AA-B823-4FBD-8859-0339FB67B228}.Development Editor|Win64.Build.0 = BuiltWithUnrealBuildTool|Win32
		{03A2D0AA-B823-4FBD-8859-0339FB67B228}.Development|HTML5.ActiveCfg = BuiltWithUnrealBuildTool|Win32
		{03A2D0AA-B823-4FBD-8859-0339FB67B228}.Development|HTML5.Build.0 = BuiltWithUnrealBuildTool|Win32
		{03A2D0AA-B823-4FBD-8859-0339FB67B228}.Development|Win32.ActiveCfg = BuiltWithUnrealBuildTool|Win32
		{03A2D0AA-B823-4FBD-8859-0339FB67B228}.Development|Win32.Build.0 = BuiltWithUnrealBuildTool|Win32
		{03A2D0AA-B823-4FBD-8859-0339FB67B228}.Development|Win64.ActiveCfg = BuiltWithUnrealBuildTool|Win32
		{03A2D0AA-B823-4FBD-8859-0339FB67B228}.Development|Win64.Build.0 = BuiltWithUnrealBuildTool|Win32
		{03A2D0AA-B823-4FBD-8859-0339FB67B228}.Shipping|HTML5.ActiveCfg = BuiltWithUnrealBuildTool|Win32
		{03A2D0AA-B823-4FBD-8859-0339FB67B228}.Shipping|HTML5.Build.0 = BuiltWithUnrealBuildTool|Win32
		{03A2D0AA-B823-4FBD-8859-0339FB67B228}.Shipping|Win32.ActiveCfg = BuiltWithUnrealBuildTool|Win32
		{03A2D0AA-B823-4FBD-8859-0339FB67B228}.Shipping|Win32.Build.0 = BuiltWithUnrealBuildTool|Win32
		{03A2D0AA-B823-4FBD-8859-0339FB67B228}.Shipping|Win64.ActiveCfg = BuiltWithUnrealBuildTool|Win32
		{03A2D0AA-B823-4FBD-8859-0339FB67B228}.Shipping|Win64.Build.0 = BuiltWithUnrealBuildTool|Win32
		{40F35322-B53F-4744-A3CD-97F4EC450C9E}.DebugGame Editor|HTML5.ActiveCfg = HTML5_DebugGame_Editor|Win32
		{40F35322-B53F-4744-A3CD-97F4EC450C9E}.DebugGame Editor|Win32.ActiveCfg = DebugGame_Editor|Win32
		{40F35322-B53F-4744-A3CD-97F4EC450C9E}.DebugGame Editor|Win64.ActiveCfg = DebugGame_Editor|x64
		{40F35322-B53F-4744-A3CD-97F4EC450C9E}.DebugGame Editor|Win64.Build.0 = DebugGame_Editor|x64
		{40F35322-B53F-4744-A3CD-97F4EC450C9E}.DebugGame|HTML5.ActiveCfg = HTML5_DebugGame_Game|Win32
		{40F35322-B53F-4744-A3CD-97F4EC450C9E}.DebugGame|HTML5.Build.0 = HTML5_DebugGame_Game|Win32
		{40F35322-B53F-4744-A3CD-97F4EC450C9E}.DebugGame|Win32.ActiveCfg = DebugGame_Game|Win32
		{40F35322-B53F-4744-A3CD-97F4EC450C9E}.DebugGame|Win32.Build.0 = DebugGame_Game|Win32
		{40F35322-B53F-4744-A3CD-97F4EC450C9E}.DebugGame|Win64.ActiveCfg = DebugGame_Game|x64
		{40F35322-B53F-4744-A3CD-97F4EC450C9E}.DebugGame|Win64.Build.0 = DebugGame_Game|x64
		{40F35322-B53F-4744-A3CD-97F4EC450C9E}.Development Editor|HTML5.ActiveCfg = HTML5_Development_Editor|Win32
		{40F35322-B53F-4744-A3CD-97F4EC450C9E}.Development Editor|Win32.ActiveCfg = Development_Editor|Win32
		{40F35322-B53F-4744-A3CD-97F4EC450C9E}.Development Editor|Win64.ActiveCfg = Development_Editor|x64
		{40F35322-B53F-4744-A3CD-97F4EC450C9E}.Development Editor|Win64.Build.0 = Development_Editor|x64
		{40F35322-B53F-4744-A3CD-97F4EC450C9E}.Development|HTML5.ActiveCfg = HTML5_Development_Game|Win32
		{40F35322-B53F-4744-A3CD-97F4EC450C9E}.Development|HTML5.Build.0 = HTML5_Development_Game|Win32
		{40F35322-B53F-4744-A3CD-97F4EC450C9E}.Development|Win32.ActiveCfg = Development_Game|Win32
		{40F35322-B53F-4744-A3CD-97F4EC450C9E}.Development|Win32.Build.0 = Development_Game|Win32
		{40F35322-B53F-4744-A3CD-97F4EC450C9E}.Development|Win64.ActiveCfg = Development_Game|x64
		{40F35322-B53F-4744-A3CD-97F4EC450C9E}.Development|Win64.Build.0 = Development_Game|x64
		{40F35322-B53F-4744-A3CD-97F4EC450C9E}.Shipping|HTML5.ActiveCfg = HTML5_Shipping_Game|Win32
		{40F35322-B53F-4744-A3CD-97F4EC450C9E}.Shipping|HTML5.Build.0 = HTML5_Shipping_Game|Win32
		{40F35322-B53F-4744-A3CD-97F4EC450C9E}.Shipping|Win32.ActiveCfg = Shipping_Game|Win32
		{40F35322-B53F-4744-A3CD-97F4EC450C9E}.Shipping|Win32.Build.0 = Shipping_Game|Win32
		{40F35322-B53F-4744-A3CD-97F4EC450C9E}.Shipping|Win64.ActiveCfg = Shipping_Game|x64
		{40F35322-B53F-4744-A3CD-97F4EC450C9E}.Shipping|Win64.Build.0 = Shipping_Game|x64
	EndGlobalSection
	GlobalSection(SolutionProperties) = preSolution
		HideSolutionNode = FALSE
	EndGlobalSection
	GlobalSection(NestedProjects) = preSolution
		{03A2D0AA-B823-4FBD-8859-0339FB67B228} = {651DAC0B-3BB0-44F1-8534-9EF30E03036F}
		{40F35322-B53F-4744-A3CD-97F4EC450C9E} = {7A407A00-30AF-4A29-9FA5-0B78D37B589D}
	EndGlobalSection
EndGlobal
